
Microsoft Visual Studio Solution File, Format Version 12.00
# Visual Studio 14
VisualStudioVersion = 14.0.24720.0
MinimumVisualStudioVersion = 10.0.40219.1
Project("{FAE04EC0-301F-11D3-BF4B-00C04F79EFBC}") = "DokanPbo", "DokanPbo\DokanPbo.csproj", "{784CB4DD-563F-47C5-A85B-6A4C4AFB4456}"
EndProject
Project("{FAE04EC0-301F-11D3-BF4B-00C04F79EFBC}") = "SwiftPbo", "SwiftPbo\SwiftPbo\SwiftPbo.csproj", "{8688A0F5-A404-4707-B98B-563213964E72}"
EndProject
Project("{FAE04EC0-301F-11D3-BF4B-00C04F79EFBC}") = "DokanPbo.Core", "DokanPbo.Core\DokanPbo.Core.csproj", "{DF867623-B4D4-4923-92BD-2F069CDD1DAD}"
EndProject
Global
	GlobalSection(SolutionConfigurationPlatforms) = preSolution
		Debug|Any CPU = Debug|Any CPU
		Release|Any CPU = Release|Any CPU
	EndGlobalSection
	GlobalSection(ProjectConfigurationPlatforms) = postSolution
		{784CB4DD-563F-47C5-A85B-6A4C4AFB4456}.Debug|Any CPU.ActiveCfg = Debug|Any CPU
		{784CB4DD-563F-47C5-A85B-6A4C4AFB4456}.Debug|Any CPU.Build.0 = Debug|Any CPU
		{784CB4DD-563F-47C5-A85B-6A4C4AFB4456}.Release|Any CPU.ActiveCfg = Release|Any CPU
		{784CB4DD-563F-47C5-A85B-6A4C4AFB4456}.Release|Any CPU.Build.0 = Release|Any CPU
		{8688A0F5-A404-4707-B98B-563213964E72}.Debug|Any CPU.ActiveCfg = Debug|Any CPU
		{8688A0F5-A404-4707-B98B-563213964E72}.Debug|Any CPU.Build.0 = Debug|Any CPU
		{8688A0F5-A404-4707-B98B-563213964E72}.Release|Any CPU.ActiveCfg = Release|Any CPU
		{8688A0F5-A404-4707-B98B-563213964E72}.Release|Any CPU.Build.0 = Release|Any CPU
		{DF867623-B4D4-4923-92BD-2F069CDD1DAD}.Debug|Any CPU.ActiveCfg = Debug|Any CPU
		{DF867623-B4D4-4923-92BD-2F069CDD1DAD}.Debug|Any CPU.Build.0 = Debug|Any CPU
		{DF867623-B4D4-4923-92BD-2F069CDD1DAD}.Release|Any CPU.ActiveCfg = Release|Any CPU
		{DF867623-B4D4-4923-92BD-2F069CDD1DAD}.Release|Any CPU.Build.0 = Release|Any CPU
	EndGlobalSection
	GlobalSection(SolutionProperties) = preSolution
		HideSolutionNode = FALSE
	EndGlobalSection
EndGlobal
